
Microsoft Visual Studio Solution File, Format Version 12.00
# Visual Studio 2013
VisualStudioVersion = 12.0.30501.0
MinimumVisualStudioVersion = 10.0.40219.1
Project("{FAE04EC0-301F-11D3-BF4B-00C04F79EFBC}") = "HeyStack.Api.Server", "HeyStack.Api.Server\HeyStack.Api.Server.csproj", "{7D06D932-D1FA-443C-965B-5FBB726B4EB1}"
EndProject
Project("{FAE04EC0-301F-11D3-BF4B-00C04F79EFBC}") = "HeyStack.ServiceModel", "HeyStack.ServiceModel\HeyStack.ServiceModel.csproj", "{F460154F-E861-4576-A0FF-3F4FEA296049}"
EndProject
Project("{FAE04EC0-301F-11D3-BF4B-00C04F79EFBC}") = "HeyStack.DemoApp", "HeyStack.DemoApp\HeyStack.DemoApp.csproj", "{E0F1A08B-1183-495C-9F75-0D49FBE81387}"
EndProject
Project("{FAE04EC0-301F-11D3-BF4B-00C04F79EFBC}") = "HeyStack.Api.Server.UnitTests", "HeyStack.Api.Server.UnitTests\HeyStack.Api.Server.UnitTests.csproj", "{5D04A7D8-5B3F-4A34-A55B-F7E82E98280C}"
EndProject
Project("{FAE04EC0-301F-11D3-BF4B-00C04F79EFBC}") = "HeyStack.Api.Server.IntegrationTests", "HeyStack.Api.Server.IntegrationTests\HeyStack.Api.Server.IntegrationTests.csproj", "{0C46578D-E625-41AC-9574-A5341DAE0C7B}"
EndProject
Global
	GlobalSection(SolutionConfigurationPlatforms) = preSolution
		Debug|Any CPU = Debug|Any CPU
		Release|Any CPU = Release|Any CPU
	EndGlobalSection
	GlobalSection(ProjectConfigurationPlatforms) = postSolution
		{7D06D932-D1FA-443C-965B-5FBB726B4EB1}.Debug|Any CPU.ActiveCfg = Debug|Any CPU
		{7D06D932-D1FA-443C-965B-5FBB726B4EB1}.Debug|Any CPU.Build.0 = Debug|Any CPU
		{7D06D932-D1FA-443C-965B-5FBB726B4EB1}.Release|Any CPU.ActiveCfg = Release|Any CPU
		{7D06D932-D1FA-443C-965B-5FBB726B4EB1}.Release|Any CPU.Build.0 = Release|Any CPU
		{F460154F-E861-4576-A0FF-3F4FEA296049}.Debug|Any CPU.ActiveCfg = Debug|Any CPU
		{F460154F-E861-4576-A0FF-3F4FEA296049}.Debug|Any CPU.Build.0 = Debug|Any CPU
		{F460154F-E861-4576-A0FF-3F4FEA296049}.Release|Any CPU.ActiveCfg = Release|Any CPU
		{F460154F-E861-4576-A0FF-3F4FEA296049}.Release|Any CPU.Build.0 = Release|Any CPU
		{E0F1A08B-1183-495C-9F75-0D49FBE81387}.Debug|Any CPU.ActiveCfg = Debug|Any CPU
		{E0F1A08B-1183-495C-9F75-0D49FBE81387}.Debug|Any CPU.Build.0 = Debug|Any CPU
		{E0F1A08B-1183-495C-9F75-0D49FBE81387}.Release|Any CPU.ActiveCfg = Release|Any CPU
		{E0F1A08B-1183-495C-9F75-0D49FBE81387}.Release|Any CPU.Build.0 = Release|Any CPU
		{5D04A7D8-5B3F-4A34-A55B-F7E82E98280C}.Debug|Any CPU.ActiveCfg = Debug|Any CPU
		{5D04A7D8-5B3F-4A34-A55B-F7E82E98280C}.Debug|Any CPU.Build.0 = Debug|Any CPU
		{5D04A7D8-5B3F-4A34-A55B-F7E82E98280C}.Release|Any CPU.ActiveCfg = Release|Any CPU
		{5D04A7D8-5B3F-4A34-A55B-F7E82E98280C}.Release|Any CPU.Build.0 = Release|Any CPU
		{0C46578D-E625-41AC-9574-A5341DAE0C7B}.Debug|Any CPU.ActiveCfg = Debug|Any CPU
		{0C46578D-E625-41AC-9574-A5341DAE0C7B}.Debug|Any CPU.Build.0 = Debug|Any CPU
		{0C46578D-E625-41AC-9574-A5341DAE0C7B}.Release|Any CPU.ActiveCfg = Release|Any CPU
		{0C46578D-E625-41AC-9574-A5341DAE0C7B}.Release|Any CPU.Build.0 = Release|Any CPU
	EndGlobalSection
	GlobalSection(SolutionProperties) = preSolution
		HideSolutionNode = FALSE
	EndGlobalSection
EndGlobal
